{
  "nodes": {
    "flakery": {
      "inputs": {
        "nixpkgs": "nixpkgs"
      },
      "locked": {
        "lastModified": 1708390432,
        "narHash": "sha256-p9PgPkkhgfvCa1TNbCJMUdM4ESThMTdM33FqVVU8jeU=",
        "owner": "getflakery",
        "repo": "flakes",
        "rev": "b282ed2077f4a126aecf744ab1fe7423ac7a528a",
        "type": "github"
      },
      "original": {
        "owner": "getflakery",
        "repo": "flakes",
        "type": "github"
      }
    },
    "nixpkgs": {
      "locked": {
        "lastModified": 1700204040,
        "narHash": "sha256-xSVcS5HBYnD3LTer7Y2K8ZQCDCXMa3QUD1MzRjHzuhI=",
        "path": "/nix/store/rj6pqzx66pliiwdfk2wjnnlk40rm3mpd-source",
        "rev": "c757e9bd77b16ca2e03c89bf8bc9ecb28e0c06ad",
        "type": "path"
      },
      "original": {
        "id": "nixpkgs",
        "type": "indirect"
      }
    },
    "nixpkgs_2": {
      "locked": {
        "lastModified": 1708296515,
        "narHash": "sha256-FyF489fYNAUy7b6dkYV6rGPyzp+4tThhr80KNAaF/yY=",
        "owner": "nixos",
        "repo": "nixpkgs",
        "rev": "b98a4e1746acceb92c509bc496ef3d0e5ad8d4aa",
        "type": "github"
      },
      "original": {
        "owner": "nixos",
        "ref": "nixos-unstable",
        "repo": "nixpkgs",
        "type": "github"
      }
    },
    "root": {
      "inputs": {
        "flakery": "flakery",
        "nixpkgs": "nixpkgs_2"
      }
    }
  },
  "root": "root",
  "version": 7
}
